
Microsoft Visual Studio Solution File, Format Version 12.00
# Visual Studio Version 16
VisualStudioVersion = 16.0.31402.337
MinimumVisualStudioVersion = 10.0.40219.1
Project("{FAE04EC0-301F-11D3-BF4B-00C04F79EFBC}") = "OpenWeatherMap.Core", "OpenWeatherMap.Core\OpenWeatherMap.Core.csproj", "{BF1D9957-38A0-40B4-BFBD-DC79622C4661}"
EndProject
Global
	GlobalSection(SolutionConfigurationPlatforms) = preSolution
		Debug|Any CPU = Debug|Any CPU
		Release|Any CPU = Release|Any CPU
	EndGlobalSection
	GlobalSection(ProjectConfigurationPlatforms) = postSolution
		{BF1D9957-38A0-40B4-BFBD-DC79622C4661}.Debug|Any CPU.ActiveCfg = Debug|Any CPU
		{BF1D9957-38A0-40B4-BFBD-DC79622C4661}.Debug|Any CPU.Build.0 = Debug|Any CPU
		{BF1D9957-38A0-40B4-BFBD-DC79622C4661}.Release|Any CPU.ActiveCfg = Release|Any CPU
		{BF1D9957-38A0-40B4-BFBD-DC79622C4661}.Release|Any CPU.Build.0 = Release|Any CPU
	EndGlobalSection
	GlobalSection(SolutionProperties) = preSolution
		HideSolutionNode = FALSE
	EndGlobalSection
	GlobalSection(ExtensibilityGlobals) = postSolution
		SolutionGuid = {F8A42BAC-360F-42D7-852C-B32E49322E02}
	EndGlobalSection
EndGlobal
